// !$*UTF8*$!
{
	archiveVersion = 1;
	classes = {
	};
	objectVersion = 55;
	objects = {

/* Begin PBXBuildFile section */
		2208165C28E1FB4700936408 /* TimerProtocol.swift in Sources */ = {isa = PBXBuildFile; fileRef = 2208165B28E1FB4700936408 /* TimerProtocol.swift */; };
		2208165E28E1FFF200936408 /* QuitButton.swift in Sources */ = {isa = PBXBuildFile; fileRef = 2208165D28E1FFF200936408 /* QuitButton.swift */; };
		2208166028E2061800936408 /* StartButton.swift in Sources */ = {isa = PBXBuildFile; fileRef = 2208165F28E2061800936408 /* StartButton.swift */; };
		2208166228E20D0900936408 /* MenuButton.swift in Sources */ = {isa = PBXBuildFile; fileRef = 2208166128E20D0900936408 /* MenuButton.swift */; };
		221D056C28E4543100A7921A /* Fruits.swift in Sources */ = {isa = PBXBuildFile; fileRef = 221D056B28E4543100A7921A /* Fruits.swift */; };
		221D057028E4547100A7921A /* SportBalls.swift in Sources */ = {isa = PBXBuildFile; fileRef = 221D056F28E4547100A7921A /* SportBalls.swift */; };
		221D057428E454D800A7921A /* BilliardBalls.swift in Sources */ = {isa = PBXBuildFile; fileRef = 221D057328E454D800A7921A /* BilliardBalls.swift */; };
		223772AB28E2F1A8004F820D /* IdentifireTextField.swift in Sources */ = {isa = PBXBuildFile; fileRef = 223772AA28E2F1A8004F820D /* IdentifireTextField.swift */; };
		223772AD28E31170004F820D /* InfoLabel.swift in Sources */ = {isa = PBXBuildFile; fileRef = 223772AC28E31170004F820D /* InfoLabel.swift */; };
		223772D728E38077004F820D /* KitEnum.swift in Sources */ = {isa = PBXBuildFile; fileRef = 223772D628E38077004F820D /* KitEnum.swift */; };
		225427A0291FA0D50000D2F9 /* DelaGothicOne.ttf in Resources */ = {isa = PBXBuildFile; fileRef = 2254279F291FA0D50000D2F9 /* DelaGothicOne.ttf */; };
		225427A3292143960000D2F9 /* KitCollectionViewCell.swift in Sources */ = {isa = PBXBuildFile; fileRef = 225427A2292143960000D2F9 /* KitCollectionViewCell.swift */; };
		225427A6292146E10000D2F9 /* KitCellViewModel.swift in Sources */ = {isa = PBXBuildFile; fileRef = 225427A5292146E10000D2F9 /* KitCellViewModel.swift */; };
		225427A82921651E0000D2F9 /* UICollectionView.swift in Sources */ = {isa = PBXBuildFile; fileRef = 225427A72921651E0000D2F9 /* UICollectionView.swift */; };
		225427AA292165980000D2F9 /* UICollectionViewCell.swift in Sources */ = {isa = PBXBuildFile; fileRef = 225427A9292165980000D2F9 /* UICollectionViewCell.swift */; };
		225427AD292178BA0000D2F9 /* KitCollectionViewFlowLayout.swift in Sources */ = {isa = PBXBuildFile; fileRef = 225427AC292178BA0000D2F9 /* KitCollectionViewFlowLayout.swift */; };
		22568D4D28F038B900B83261 /* Planets.swift in Sources */ = {isa = PBXBuildFile; fileRef = 22568D4C28F038B900B83261 /* Planets.swift */; };
		22568D4F28F05D5500B83261 /* ARObjectable.swift in Sources */ = {isa = PBXBuildFile; fileRef = 22568D4E28F05D5500B83261 /* ARObjectable.swift */; };
		22568D5328F1B24700B83261 /* ARObjectModel.swift in Sources */ = {isa = PBXBuildFile; fileRef = 22568D5228F1B24700B83261 /* ARObjectModel.swift */; };
		2268E4D728DCDB590029C755 /* CollisionCategory.swift in Sources */ = {isa = PBXBuildFile; fileRef = 2268E4D628DCDB590029C755 /* CollisionCategory.swift */; };
		2271150C28F9AE3E00C3474C /* back.mp3 in Resources */ = {isa = PBXBuildFile; fileRef = 2271150B28F9AE3E00C3474C /* back.mp3 */; };
		2271150E28F9B82D00C3474C /* track.mp3 in Resources */ = {isa = PBXBuildFile; fileRef = 2271150D28F9B82D00C3474C /* track.mp3 */; };
		2271151028F9CB2500C3474C /* hit.mp3 in Resources */ = {isa = PBXBuildFile; fileRef = 2271150F28F9CB2500C3474C /* hit.mp3 */; };
		22866A042916CEA8009FF7D4 /* FirebaseService.swift in Sources */ = {isa = PBXBuildFile; fileRef = 22866A032916CEA8009FF7D4 /* FirebaseService.swift */; };
		22866A062916D3EF009FF7D4 /* UserModels.swift in Sources */ = {isa = PBXBuildFile; fileRef = 22866A052916D3EF009FF7D4 /* UserModels.swift */; };
		22866A0829192084009FF7D4 /* GameUserModel.swift in Sources */ = {isa = PBXBuildFile; fileRef = 22866A0729192084009FF7D4 /* GameUserModel.swift */; };
		22866A0A2919221F009FF7D4 /* GameModel.swift in Sources */ = {isa = PBXBuildFile; fileRef = 22866A092919221F009FF7D4 /* GameModel.swift */; };
		22866A0C291926E3009FF7D4 /* GameType.swift in Sources */ = {isa = PBXBuildFile; fileRef = 22866A0B291926E3009FF7D4 /* GameType.swift */; };
		22964CB72912C92B0007B7E9 /* GoogleService-Info.plist in Resources */ = {isa = PBXBuildFile; fileRef = 22964CB62912C92B0007B7E9 /* GoogleService-Info.plist */; };
		229BC15628AA708A008D07A0 /* AppDelegate.swift in Sources */ = {isa = PBXBuildFile; fileRef = 229BC15528AA708A008D07A0 /* AppDelegate.swift */; };
		229BC15828AA708A008D07A0 /* SceneDelegate.swift in Sources */ = {isa = PBXBuildFile; fileRef = 229BC15728AA708A008D07A0 /* SceneDelegate.swift */; };
		229BC15F28AA7091008D07A0 /* Assets.xcassets in Resources */ = {isa = PBXBuildFile; fileRef = 229BC15E28AA7091008D07A0 /* Assets.xcassets */; };
		229BC16228AA7091008D07A0 /* LaunchScreen.storyboard in Resources */ = {isa = PBXBuildFile; fileRef = 229BC16028AA7091008D07A0 /* LaunchScreen.storyboard */; };
		229BC17228AA7DD8008D07A0 /* UserServise.swift in Sources */ = {isa = PBXBuildFile; fileRef = 229BC17128AA7DD8008D07A0 /* UserServise.swift */; };
		229BC17428AA7DEF008D07A0 /* GameService.swift in Sources */ = {isa = PBXBuildFile; fileRef = 229BC17328AA7DEF008D07A0 /* GameService.swift */; };
		229BC17728AA7E24008D07A0 /* UserDefaultManager.swift in Sources */ = {isa = PBXBuildFile; fileRef = 229BC17628AA7E24008D07A0 /* UserDefaultManager.swift */; };
		229BC17928AA7FB7008D07A0 /* SceneBuildManager.swift in Sources */ = {isa = PBXBuildFile; fileRef = 229BC17828AA7FB7008D07A0 /* SceneBuildManager.swift */; };
		229BC17B28AA80D6008D07A0 /* SplashViewController.swift in Sources */ = {isa = PBXBuildFile; fileRef = 229BC17A28AA80D6008D07A0 /* SplashViewController.swift */; };
		229BC17F28AA8100008D07A0 /* MainViewController.swift in Sources */ = {isa = PBXBuildFile; fileRef = 229BC17E28AA8100008D07A0 /* MainViewController.swift */; };
		229BC18128AA8112008D07A0 /* SettingsViewController.swift in Sources */ = {isa = PBXBuildFile; fileRef = 229BC18028AA8112008D07A0 /* SettingsViewController.swift */; };
		229BC18328AA8126008D07A0 /* GameViewController.swift in Sources */ = {isa = PBXBuildFile; fileRef = 229BC18228AA8126008D07A0 /* GameViewController.swift */; };
		229BC18628AA82BB008D07A0 /* MenuViewController.swift in Sources */ = {isa = PBXBuildFile; fileRef = 229BC18528AA82BB008D07A0 /* MenuViewController.swift */; };
		229BC18828AA8655008D07A0 /* SplashPresenter.swift in Sources */ = {isa = PBXBuildFile; fileRef = 229BC18728AA8655008D07A0 /* SplashPresenter.swift */; };
		229BC18A28AA8666008D07A0 /* MenuPresenter.swift in Sources */ = {isa = PBXBuildFile; fileRef = 229BC18928AA8666008D07A0 /* MenuPresenter.swift */; };
		229BC18E28AA8699008D07A0 /* MainPresenter.swift in Sources */ = {isa = PBXBuildFile; fileRef = 229BC18D28AA8699008D07A0 /* MainPresenter.swift */; };
		229BC19028AA86AA008D07A0 /* SettingsPresenter.swift in Sources */ = {isa = PBXBuildFile; fileRef = 229BC18F28AA86AA008D07A0 /* SettingsPresenter.swift */; };
		229BC19228AA86B7008D07A0 /* GamePresenter.swift in Sources */ = {isa = PBXBuildFile; fileRef = 229BC19128AA86B7008D07A0 /* GamePresenter.swift */; };
		229BC19728ABC484008D07A0 /* UIView.swift in Sources */ = {isa = PBXBuildFile; fileRef = 229BC19628ABC484008D07A0 /* UIView.swift */; };
		229BC19A28ABF60B008D07A0 /* IdentifireViewController.swift in Sources */ = {isa = PBXBuildFile; fileRef = 229BC19928ABF60B008D07A0 /* IdentifireViewController.swift */; };
		229BC19C28ABF622008D07A0 /* IdentifirePresenter.swift in Sources */ = {isa = PBXBuildFile; fileRef = 229BC19B28ABF622008D07A0 /* IdentifirePresenter.swift */; };
		229F453928B130BD00075601 /* UIStackView.swift in Sources */ = {isa = PBXBuildFile; fileRef = 229F453828B130BD00075601 /* UIStackView.swift */; };
		22A3170B291EA5B6003A8F93 /* UIImageView.swift in Sources */ = {isa = PBXBuildFile; fileRef = 22A3170A291EA5B6003A8F93 /* UIImageView.swift */; };
		22B614E72932A51000F24C1F /* EndGameViewController.swift in Sources */ = {isa = PBXBuildFile; fileRef = 22B614E62932A51000F24C1F /* EndGameViewController.swift */; };
		22B614E92932A51F00F24C1F /* EndGamePresenter.swift in Sources */ = {isa = PBXBuildFile; fileRef = 22B614E82932A51F00F24C1F /* EndGamePresenter.swift */; };
		22B614EB2933EE5F00F24C1F /* EndGameType.swift in Sources */ = {isa = PBXBuildFile; fileRef = 22B614EA2933EE5E00F24C1F /* EndGameType.swift */; };
		22D801D828BE531600263002 /* AudioManager.swift in Sources */ = {isa = PBXBuildFile; fileRef = 22D801D728BE531600263002 /* AudioManager.swift */; };
		22E1743E28C1214B00F20AE9 /* ShotButton.swift in Sources */ = {isa = PBXBuildFile; fileRef = 22E1743D28C1214B00F20AE9 /* ShotButton.swift */; };
		22E5941D28C2786A0063586D /* AuthType.swift in Sources */ = {isa = PBXBuildFile; fileRef = 22E5941C28C2786A0063586D /* AuthType.swift */; };
		22E5942028C37E110063586D /* SettingType.swift in Sources */ = {isa = PBXBuildFile; fileRef = 22E5941F28C37E110063586D /* SettingType.swift */; };
		22FDAFC128B8F38A002146B6 /* AlertManager.swift in Sources */ = {isa = PBXBuildFile; fileRef = 22FDAFC028B8F38A002146B6 /* AlertManager.swift */; };
		22FDAFC428B8F58B002146B6 /* AlertModels.swift in Sources */ = {isa = PBXBuildFile; fileRef = 22FDAFC328B8F58B002146B6 /* AlertModels.swift */; };
		745A62DFD7EEF98217EC31B8 /* Pods_ARHitBalls.framework in Frameworks */ = {isa = PBXBuildFile; fileRef = 68471F04A3E9F04472673324 /* Pods_ARHitBalls.framework */; };
/* End PBXBuildFile section */

/* Begin PBXFileReference section */
		2208165B28E1FB4700936408 /* TimerProtocol.swift */ = {isa = PBXFileReference; lastKnownFileType = sourcecode.swift; path = TimerProtocol.swift; sourceTree = "<group>"; };
		2208165D28E1FFF200936408 /* QuitButton.swift */ = {isa = PBXFileReference; lastKnownFileType = sourcecode.swift; path = QuitButton.swift; sourceTree = "<group>"; };
		2208165F28E2061800936408 /* StartButton.swift */ = {isa = PBXFileReference; lastKnownFileType = sourcecode.swift; path = StartButton.swift; sourceTree = "<group>"; };
		2208166128E20D0900936408 /* MenuButton.swift */ = {isa = PBXFileReference; lastKnownFileType = sourcecode.swift; path = MenuButton.swift; sourceTree = "<group>"; };
		221D056B28E4543100A7921A /* Fruits.swift */ = {isa = PBXFileReference; lastKnownFileType = sourcecode.swift; path = Fruits.swift; sourceTree = "<group>"; };
		221D056F28E4547100A7921A /* SportBalls.swift */ = {isa = PBXFileReference; lastKnownFileType = sourcecode.swift; path = SportBalls.swift; sourceTree = "<group>"; };
		221D057328E454D800A7921A /* BilliardBalls.swift */ = {isa = PBXFileReference; lastKnownFileType = sourcecode.swift; path = BilliardBalls.swift; sourceTree = "<group>"; };
		223772AA28E2F1A8004F820D /* IdentifireTextField.swift */ = {isa = PBXFileReference; lastKnownFileType = sourcecode.swift; path = IdentifireTextField.swift; sourceTree = "<group>"; };
		223772AC28E31170004F820D /* InfoLabel.swift */ = {isa = PBXFileReference; lastKnownFileType = sourcecode.swift; path = InfoLabel.swift; sourceTree = "<group>"; };
		223772D628E38077004F820D /* KitEnum.swift */ = {isa = PBXFileReference; lastKnownFileType = sourcecode.swift; path = KitEnum.swift; sourceTree = "<group>"; };
		2254279F291FA0D50000D2F9 /* DelaGothicOne.ttf */ = {isa = PBXFileReference; lastKnownFileType = file; path = DelaGothicOne.ttf; sourceTree = "<group>"; };
		225427A2292143960000D2F9 /* KitCollectionViewCell.swift */ = {isa = PBXFileReference; lastKnownFileType = sourcecode.swift; path = KitCollectionViewCell.swift; sourceTree = "<group>"; };
		225427A5292146E10000D2F9 /* KitCellViewModel.swift */ = {isa = PBXFileReference; lastKnownFileType = sourcecode.swift; path = KitCellViewModel.swift; sourceTree = "<group>"; };
		225427A72921651E0000D2F9 /* UICollectionView.swift */ = {isa = PBXFileReference; lastKnownFileType = sourcecode.swift; path = UICollectionView.swift; sourceTree = "<group>"; };
		225427A9292165980000D2F9 /* UICollectionViewCell.swift */ = {isa = PBXFileReference; lastKnownFileType = sourcecode.swift; path = UICollectionViewCell.swift; sourceTree = "<group>"; };
		225427AC292178BA0000D2F9 /* KitCollectionViewFlowLayout.swift */ = {isa = PBXFileReference; lastKnownFileType = sourcecode.swift; path = KitCollectionViewFlowLayout.swift; sourceTree = "<group>"; };
		22568D4C28F038B900B83261 /* Planets.swift */ = {isa = PBXFileReference; lastKnownFileType = sourcecode.swift; path = Planets.swift; sourceTree = "<group>"; };
		22568D4E28F05D5500B83261 /* ARObjectable.swift */ = {isa = PBXFileReference; lastKnownFileType = sourcecode.swift; path = ARObjectable.swift; sourceTree = "<group>"; };
		22568D5228F1B24700B83261 /* ARObjectModel.swift */ = {isa = PBXFileReference; lastKnownFileType = sourcecode.swift; path = ARObjectModel.swift; sourceTree = "<group>"; };
		2268E4D628DCDB590029C755 /* CollisionCategory.swift */ = {isa = PBXFileReference; lastKnownFileType = sourcecode.swift; path = CollisionCategory.swift; sourceTree = "<group>"; };
		2271150B28F9AE3E00C3474C /* back.mp3 */ = {isa = PBXFileReference; lastKnownFileType = audio.mp3; name = back.mp3; path = ../../../../../back.mp3; sourceTree = "<group>"; };
		2271150D28F9B82D00C3474C /* track.mp3 */ = {isa = PBXFileReference; lastKnownFileType = audio.mp3; name = track.mp3; path = ../../../../../track.mp3; sourceTree = "<group>"; };
		2271150F28F9CB2500C3474C /* hit.mp3 */ = {isa = PBXFileReference; lastKnownFileType = audio.mp3; name = hit.mp3; path = ../../../../../hit.mp3; sourceTree = "<group>"; };
		22866A032916CEA8009FF7D4 /* FirebaseService.swift */ = {isa = PBXFileReference; lastKnownFileType = sourcecode.swift; path = FirebaseService.swift; sourceTree = "<group>"; };
		22866A052916D3EF009FF7D4 /* UserModels.swift */ = {isa = PBXFileReference; lastKnownFileType = sourcecode.swift; path = UserModels.swift; sourceTree = "<group>"; };
		22866A0729192084009FF7D4 /* GameUserModel.swift */ = {isa = PBXFileReference; lastKnownFileType = sourcecode.swift; path = GameUserModel.swift; sourceTree = "<group>"; };
		22866A092919221F009FF7D4 /* GameModel.swift */ = {isa = PBXFileReference; lastKnownFileType = sourcecode.swift; path = GameModel.swift; sourceTree = "<group>"; };
		22866A0B291926E3009FF7D4 /* GameType.swift */ = {isa = PBXFileReference; lastKnownFileType = sourcecode.swift; path = GameType.swift; sourceTree = "<group>"; };
		22964CB62912C92B0007B7E9 /* GoogleService-Info.plist */ = {isa = PBXFileReference; fileEncoding = 4; lastKnownFileType = text.plist.xml; name = "GoogleService-Info.plist"; path = "../../../../Downloads/GoogleService-Info.plist"; sourceTree = "<group>"; };
		229BC15228AA708A008D07A0 /* ARHitBalls.app */ = {isa = PBXFileReference; explicitFileType = wrapper.application; includeInIndex = 0; path = ARHitBalls.app; sourceTree = BUILT_PRODUCTS_DIR; };
		229BC15528AA708A008D07A0 /* AppDelegate.swift */ = {isa = PBXFileReference; lastKnownFileType = sourcecode.swift; path = AppDelegate.swift; sourceTree = "<group>"; };
		229BC15728AA708A008D07A0 /* SceneDelegate.swift */ = {isa = PBXFileReference; lastKnownFileType = sourcecode.swift; path = SceneDelegate.swift; sourceTree = "<group>"; };
		229BC15E28AA7091008D07A0 /* Assets.xcassets */ = {isa = PBXFileReference; lastKnownFileType = folder.assetcatalog; path = Assets.xcassets; sourceTree = "<group>"; };
		229BC16128AA7091008D07A0 /* Base */ = {isa = PBXFileReference; lastKnownFileType = file.storyboard; name = Base; path = Base.lproj/LaunchScreen.storyboard; sourceTree = "<group>"; };
		229BC16328AA7091008D07A0 /* Info.plist */ = {isa = PBXFileReference; lastKnownFileType = text.plist.xml; path = Info.plist; sourceTree = "<group>"; };
		229BC17128AA7DD8008D07A0 /* UserServise.swift */ = {isa = PBXFileReference; lastKnownFileType = sourcecode.swift; path = UserServise.swift; sourceTree = "<group>"; };
		229BC17328AA7DEF008D07A0 /* GameService.swift */ = {isa = PBXFileReference; lastKnownFileType = sourcecode.swift; path = GameService.swift; sourceTree = "<group>"; };
		229BC17628AA7E24008D07A0 /* UserDefaultManager.swift */ = {isa = PBXFileReference; lastKnownFileType = sourcecode.swift; path = UserDefaultManager.swift; sourceTree = "<group>"; };
		229BC17828AA7FB7008D07A0 /* SceneBuildManager.swift */ = {isa = PBXFileReference; lastKnownFileType = sourcecode.swift; path = SceneBuildManager.swift; sourceTree = "<group>"; };
		229BC17A28AA80D6008D07A0 /* SplashViewController.swift */ = {isa = PBXFileReference; lastKnownFileType = sourcecode.swift; path = SplashViewController.swift; sourceTree = "<group>"; };
		229BC17E28AA8100008D07A0 /* MainViewController.swift */ = {isa = PBXFileReference; lastKnownFileType = sourcecode.swift; path = MainViewController.swift; sourceTree = "<group>"; };
		229BC18028AA8112008D07A0 /* SettingsViewController.swift */ = {isa = PBXFileReference; lastKnownFileType = sourcecode.swift; path = SettingsViewController.swift; sourceTree = "<group>"; };
		229BC18228AA8126008D07A0 /* GameViewController.swift */ = {isa = PBXFileReference; lastKnownFileType = sourcecode.swift; path = GameViewController.swift; sourceTree = "<group>"; };
		229BC18528AA82BB008D07A0 /* MenuViewController.swift */ = {isa = PBXFileReference; lastKnownFileType = sourcecode.swift; path = MenuViewController.swift; sourceTree = "<group>"; };
		229BC18728AA8655008D07A0 /* SplashPresenter.swift */ = {isa = PBXFileReference; lastKnownFileType = sourcecode.swift; path = SplashPresenter.swift; sourceTree = "<group>"; };
		229BC18928AA8666008D07A0 /* MenuPresenter.swift */ = {isa = PBXFileReference; lastKnownFileType = sourcecode.swift; path = MenuPresenter.swift; sourceTree = "<group>"; };
		229BC18D28AA8699008D07A0 /* MainPresenter.swift */ = {isa = PBXFileReference; lastKnownFileType = sourcecode.swift; path = MainPresenter.swift; sourceTree = "<group>"; };
		229BC18F28AA86AA008D07A0 /* SettingsPresenter.swift */ = {isa = PBXFileReference; lastKnownFileType = sourcecode.swift; path = SettingsPresenter.swift; sourceTree = "<group>"; };
		229BC19128AA86B7008D07A0 /* GamePresenter.swift */ = {isa = PBXFileReference; lastKnownFileType = sourcecode.swift; path = GamePresenter.swift; sourceTree = "<group>"; };
		229BC19628ABC484008D07A0 /* UIView.swift */ = {isa = PBXFileReference; lastKnownFileType = sourcecode.swift; path = UIView.swift; sourceTree = "<group>"; };
		229BC19928ABF60B008D07A0 /* IdentifireViewController.swift */ = {isa = PBXFileReference; lastKnownFileType = sourcecode.swift; path = IdentifireViewController.swift; sourceTree = "<group>"; };
		229BC19B28ABF622008D07A0 /* IdentifirePresenter.swift */ = {isa = PBXFileReference; lastKnownFileType = sourcecode.swift; path = IdentifirePresenter.swift; sourceTree = "<group>"; };
		229F453828B130BD00075601 /* UIStackView.swift */ = {isa = PBXFileReference; lastKnownFileType = sourcecode.swift; path = UIStackView.swift; sourceTree = "<group>"; };
		22A3170A291EA5B6003A8F93 /* UIImageView.swift */ = {isa = PBXFileReference; lastKnownFileType = sourcecode.swift; path = UIImageView.swift; sourceTree = "<group>"; };
		22B614E62932A51000F24C1F /* EndGameViewController.swift */ = {isa = PBXFileReference; lastKnownFileType = sourcecode.swift; path = EndGameViewController.swift; sourceTree = "<group>"; };
		22B614E82932A51F00F24C1F /* EndGamePresenter.swift */ = {isa = PBXFileReference; lastKnownFileType = sourcecode.swift; path = EndGamePresenter.swift; sourceTree = "<group>"; };
		22B614EA2933EE5E00F24C1F /* EndGameType.swift */ = {isa = PBXFileReference; lastKnownFileType = sourcecode.swift; path = EndGameType.swift; sourceTree = "<group>"; };
		22D801D728BE531600263002 /* AudioManager.swift */ = {isa = PBXFileReference; lastKnownFileType = sourcecode.swift; path = AudioManager.swift; sourceTree = "<group>"; };
		22E1743D28C1214B00F20AE9 /* ShotButton.swift */ = {isa = PBXFileReference; lastKnownFileType = sourcecode.swift; path = ShotButton.swift; sourceTree = "<group>"; };
		22E5941C28C2786A0063586D /* AuthType.swift */ = {isa = PBXFileReference; lastKnownFileType = sourcecode.swift; path = AuthType.swift; sourceTree = "<group>"; };
		22E5941F28C37E110063586D /* SettingType.swift */ = {isa = PBXFileReference; lastKnownFileType = sourcecode.swift; path = SettingType.swift; sourceTree = "<group>"; };
		22FDAFC028B8F38A002146B6 /* AlertManager.swift */ = {isa = PBXFileReference; lastKnownFileType = sourcecode.swift; path = AlertManager.swift; sourceTree = "<group>"; };
		22FDAFC328B8F58B002146B6 /* AlertModels.swift */ = {isa = PBXFileReference; lastKnownFileType = sourcecode.swift; path = AlertModels.swift; sourceTree = "<group>"; };
		68471F04A3E9F04472673324 /* Pods_ARHitBalls.framework */ = {isa = PBXFileReference; explicitFileType = wrapper.framework; includeInIndex = 0; path = Pods_ARHitBalls.framework; sourceTree = BUILT_PRODUCTS_DIR; };
		729CEDFB01BC18C92F1206DA /* Pods-ARHitBalls.debug.xcconfig */ = {isa = PBXFileReference; includeInIndex = 1; lastKnownFileType = text.xcconfig; name = "Pods-ARHitBalls.debug.xcconfig"; path = "Target Support Files/Pods-ARHitBalls/Pods-ARHitBalls.debug.xcconfig"; sourceTree = "<group>"; };
		8520DDFAA5C2B70D42ED7B7B /* Pods-ARHitBalls.release.xcconfig */ = {isa = PBXFileReference; includeInIndex = 1; lastKnownFileType = text.xcconfig; name = "Pods-ARHitBalls.release.xcconfig"; path = "Target Support Files/Pods-ARHitBalls/Pods-ARHitBalls.release.xcconfig"; sourceTree = "<group>"; };
/* End PBXFileReference section */

/* Begin PBXFrameworksBuildPhase section */
		229BC14F28AA708A008D07A0 /* Frameworks */ = {
			isa = PBXFrameworksBuildPhase;
			buildActionMask = 2147483647;
			files = (
				745A62DFD7EEF98217EC31B8 /* Pods_ARHitBalls.framework in Frameworks */,
			);
			runOnlyForDeploymentPostprocessing = 0;
		};
/* End PBXFrameworksBuildPhase section */

/* Begin PBXGroup section */
		2208165A28E1FB2100936408 /* Protocols */ = {
			isa = PBXGroup;
			children = (
				2208165B28E1FB4700936408 /* TimerProtocol.swift */,
				22568D4E28F05D5500B83261 /* ARObjectable.swift */,
			);
			path = Protocols;
			sourceTree = "<group>";
		};
		2254279D291FA0440000D2F9 /* Fonts */ = {
			isa = PBXGroup;
			children = (
				2254279F291FA0D50000D2F9 /* DelaGothicOne.ttf */,
			);
			path = Fonts;
			sourceTree = "<group>";
		};
		225427A1292142B90000D2F9 /* Cells */ = {
			isa = PBXGroup;
			children = (
				225427A2292143960000D2F9 /* KitCollectionViewCell.swift */,
			);
			path = Cells;
			sourceTree = "<group>";
		};
		225427A4292146C10000D2F9 /* ViewModels */ = {
			isa = PBXGroup;
			children = (
				225427A5292146E10000D2F9 /* KitCellViewModel.swift */,
			);
			path = ViewModels;
			sourceTree = "<group>";
		};
		225427AB2921789C0000D2F9 /* Layout */ = {
			isa = PBXGroup;
			children = (
				225427AC292178BA0000D2F9 /* KitCollectionViewFlowLayout.swift */,
			);
			path = Layout;
			sourceTree = "<group>";
		};
		22568D5028F1B1ED00B83261 /* KitsEnums */ = {
			isa = PBXGroup;
			children = (
				22568D4C28F038B900B83261 /* Planets.swift */,
				221D056B28E4543100A7921A /* Fruits.swift */,
				221D057328E454D800A7921A /* BilliardBalls.swift */,
				221D056F28E4547100A7921A /* SportBalls.swift */,
				223772D628E38077004F820D /* KitEnum.swift */,
			);
			path = KitsEnums;
			sourceTree = "<group>";
		};
		22568D5128F1B21500B83261 /* Models */ = {
			isa = PBXGroup;
			children = (
				22FDAFC328B8F58B002146B6 /* AlertModels.swift */,
				22568D5228F1B24700B83261 /* ARObjectModel.swift */,
				22866A052916D3EF009FF7D4 /* UserModels.swift */,
				22866A0729192084009FF7D4 /* GameUserModel.swift */,
				22866A092919221F009FF7D4 /* GameModel.swift */,
			);
			path = Models;
			sourceTree = "<group>";
		};
		229BC14928AA7089008D07A0 = {
			isa = PBXGroup;
			children = (
				229BC15428AA708A008D07A0 /* ARHitBalls */,
				229BC15328AA708A008D07A0 /* Products */,
				8AB30A0A4A8DCF391301EB8E /* Pods */,
				771869C52B315CA94CEE4EDB /* Frameworks */,
			);
			sourceTree = "<group>";
		};
		229BC15328AA708A008D07A0 /* Products */ = {
			isa = PBXGroup;
			children = (
				229BC15228AA708A008D07A0 /* ARHitBalls.app */,
			);
			name = Products;
			sourceTree = "<group>";
		};
		229BC15428AA708A008D07A0 /* ARHitBalls */ = {
			isa = PBXGroup;
			children = (
				229BC19328AADF6D008D07A0 /* Application */,
				229BC16F28AA7DAE008D07A0 /* Core */,
				229BC16928AA7A1E008D07A0 /* Scenes */,
				22964CB62912C92B0007B7E9 /* GoogleService-Info.plist */,
				229BC16328AA7091008D07A0 /* Info.plist */,
			);
			path = ARHitBalls;
			sourceTree = "<group>";
		};
		229BC16928AA7A1E008D07A0 /* Scenes */ = {
			isa = PBXGroup;
			children = (
				229BC16B28AA7A34008D07A0 /* Splash */,
				229BC18428AA82A0008D07A0 /* Menu */,
				229BC19828ABF5DE008D07A0 /* Identifire */,
				229BC16C28AA7A45008D07A0 /* Main */,
				229BC16A28AA7A2A008D07A0 /* Settings */,
				229BC16E28AA7C6D008D07A0 /* Game */,
				22B614E52932A4D700F24C1F /* EndGame */,
			);
			path = Scenes;
			sourceTree = "<group>";
		};
		229BC16A28AA7A2A008D07A0 /* Settings */ = {
			isa = PBXGroup;
			children = (
				229BC18028AA8112008D07A0 /* SettingsViewController.swift */,
				229BC18F28AA86AA008D07A0 /* SettingsPresenter.swift */,
			);
			path = Settings;
			sourceTree = "<group>";
		};
		229BC16B28AA7A34008D07A0 /* Splash */ = {
			isa = PBXGroup;
			children = (
				229BC17A28AA80D6008D07A0 /* SplashViewController.swift */,
				229BC18728AA8655008D07A0 /* SplashPresenter.swift */,
			);
			path = Splash;
			sourceTree = "<group>";
		};
		229BC16C28AA7A45008D07A0 /* Main */ = {
			isa = PBXGroup;
			children = (
				229BC17E28AA8100008D07A0 /* MainViewController.swift */,
				229BC18D28AA8699008D07A0 /* MainPresenter.swift */,
			);
			path = Main;
			sourceTree = "<group>";
		};
		229BC16E28AA7C6D008D07A0 /* Game */ = {
			isa = PBXGroup;
			children = (
				229BC18228AA8126008D07A0 /* GameViewController.swift */,
				229BC19128AA86B7008D07A0 /* GamePresenter.swift */,
			);
			path = Game;
			sourceTree = "<group>";
		};
		229BC16F28AA7DAE008D07A0 /* Core */ = {
			isa = PBXGroup;
			children = (
				225427AB2921789C0000D2F9 /* Layout */,
				225427A1292142B90000D2F9 /* Cells */,
				22FDAFC728BCFA05002146B6 /* Entities */,
				22E1743C28C1211F00F20AE9 /* Classes */,
				2208165A28E1FB2100936408 /* Protocols */,
				229BC19528ABC468008D07A0 /* Extension */,
				229BC17528AA7DF9008D07A0 /* Managers */,
				229BC17028AA7DB6008D07A0 /* Services */,
			);
			path = Core;
			sourceTree = "<group>";
		};
		229BC17028AA7DB6008D07A0 /* Services */ = {
			isa = PBXGroup;
			children = (
				229BC17128AA7DD8008D07A0 /* UserServise.swift */,
				229BC17328AA7DEF008D07A0 /* GameService.swift */,
				22866A032916CEA8009FF7D4 /* FirebaseService.swift */,
			);
			path = Services;
			sourceTree = "<group>";
		};
		229BC17528AA7DF9008D07A0 /* Managers */ = {
			isa = PBXGroup;
			children = (
				22FDAFC028B8F38A002146B6 /* AlertManager.swift */,
				229BC17628AA7E24008D07A0 /* UserDefaultManager.swift */,
				229BC17828AA7FB7008D07A0 /* SceneBuildManager.swift */,
				22D801D728BE531600263002 /* AudioManager.swift */,
			);
			path = Managers;
			sourceTree = "<group>";
		};
		229BC18428AA82A0008D07A0 /* Menu */ = {
			isa = PBXGroup;
			children = (
				229BC18528AA82BB008D07A0 /* MenuViewController.swift */,
				229BC18928AA8666008D07A0 /* MenuPresenter.swift */,
			);
			path = Menu;
			sourceTree = "<group>";
		};
		229BC19328AADF6D008D07A0 /* Application */ = {
			isa = PBXGroup;
			children = (
				229BC19428AADF9A008D07A0 /* Resources */,
				229BC15528AA708A008D07A0 /* AppDelegate.swift */,
				229BC15728AA708A008D07A0 /* SceneDelegate.swift */,
			);
			path = Application;
			sourceTree = "<group>";
		};
		229BC19428AADF9A008D07A0 /* Resources */ = {
			isa = PBXGroup;
			children = (
				2254279D291FA0440000D2F9 /* Fonts */,
				2271150F28F9CB2500C3474C /* hit.mp3 */,
				2271150B28F9AE3E00C3474C /* back.mp3 */,
				2271150D28F9B82D00C3474C /* track.mp3 */,
				229BC15E28AA7091008D07A0 /* Assets.xcassets */,
				229BC16028AA7091008D07A0 /* LaunchScreen.storyboard */,
			);
			path = Resources;
			sourceTree = "<group>";
		};
		229BC19528ABC468008D07A0 /* Extension */ = {
			isa = PBXGroup;
			children = (
				229BC19628ABC484008D07A0 /* UIView.swift */,
				229F453828B130BD00075601 /* UIStackView.swift */,
				22A3170A291EA5B6003A8F93 /* UIImageView.swift */,
				225427A72921651E0000D2F9 /* UICollectionView.swift */,
				225427A9292165980000D2F9 /* UICollectionViewCell.swift */,
			);
			path = Extension;
			sourceTree = "<group>";
		};
		229BC19828ABF5DE008D07A0 /* Identifire */ = {
			isa = PBXGroup;
			children = (
				229BC19928ABF60B008D07A0 /* IdentifireViewController.swift */,
				229BC19B28ABF622008D07A0 /* IdentifirePresenter.swift */,
			);
			path = Identifire;
			sourceTree = "<group>";
		};
		22B614E52932A4D700F24C1F /* EndGame */ = {
			isa = PBXGroup;
			children = (
				22B614E62932A51000F24C1F /* EndGameViewController.swift */,
				22B614E82932A51F00F24C1F /* EndGamePresenter.swift */,
			);
			path = EndGame;
			sourceTree = "<group>";
		};
		22E1743C28C1211F00F20AE9 /* Classes */ = {
			isa = PBXGroup;
			children = (
				22E1743D28C1214B00F20AE9 /* ShotButton.swift */,
				2208165D28E1FFF200936408 /* QuitButton.swift */,
				2208165F28E2061800936408 /* StartButton.swift */,
				2208166128E20D0900936408 /* MenuButton.swift */,
				223772AA28E2F1A8004F820D /* IdentifireTextField.swift */,
				223772AC28E31170004F820D /* InfoLabel.swift */,
			);
			path = Classes;
			sourceTree = "<group>";
		};
		22FDAFC728BCFA05002146B6 /* Entities */ = {
			isa = PBXGroup;
			children = (
				225427A4292146C10000D2F9 /* ViewModels */,
				22568D5128F1B21500B83261 /* Models */,
				22568D5028F1B1ED00B83261 /* KitsEnums */,
				22E5941C28C2786A0063586D /* AuthType.swift */,
				2268E4D628DCDB590029C755 /* CollisionCategory.swift */,
				22866A0B291926E3009FF7D4 /* GameType.swift */,
				22E5941F28C37E110063586D /* SettingType.swift */,
				22B614EA2933EE5E00F24C1F /* EndGameType.swift */,
			);
			path = Entities;
			sourceTree = "<group>";
		};
		771869C52B315CA94CEE4EDB /* Frameworks */ = {
			isa = PBXGroup;
			children = (
				68471F04A3E9F04472673324 /* Pods_ARHitBalls.framework */,
			);
			name = Frameworks;
			sourceTree = "<group>";
		};
		8AB30A0A4A8DCF391301EB8E /* Pods */ = {
			isa = PBXGroup;
			children = (
				729CEDFB01BC18C92F1206DA /* Pods-ARHitBalls.debug.xcconfig */,
				8520DDFAA5C2B70D42ED7B7B /* Pods-ARHitBalls.release.xcconfig */,
			);
			path = Pods;
			sourceTree = "<group>";
		};
/* End PBXGroup section */

/* Begin PBXNativeTarget section */
		229BC15128AA708A008D07A0 /* ARHitBalls */ = {
			isa = PBXNativeTarget;
			buildConfigurationList = 229BC16628AA7091008D07A0 /* Build configuration list for PBXNativeTarget "ARHitBalls" */;
			buildPhases = (
				CC24CFF08CD187366816B409 /* [CP] Check Pods Manifest.lock */,
				229BC14E28AA708A008D07A0 /* Sources */,
				229BC14F28AA708A008D07A0 /* Frameworks */,
				229BC15028AA708A008D07A0 /* Resources */,
				F7EABCA332691562DE1026EC /* [CP] Embed Pods Frameworks */,
			);
			buildRules = (
			);
			dependencies = (
			);
			name = ARHitBalls;
			productName = ARHitBalls;
			productReference = 229BC15228AA708A008D07A0 /* ARHitBalls.app */;
			productType = "com.apple.product-type.application";
		};
/* End PBXNativeTarget section */

/* Begin PBXProject section */
		229BC14A28AA7089008D07A0 /* Project object */ = {
			isa = PBXProject;
			attributes = {
				BuildIndependentTargetsInParallel = 1;
				LastSwiftUpdateCheck = 1340;
				LastUpgradeCheck = 1340;
				TargetAttributes = {
					229BC15128AA708A008D07A0 = {
						CreatedOnToolsVersion = 13.4.1;
					};
				};
			};
			buildConfigurationList = 229BC14D28AA7089008D07A0 /* Build configuration list for PBXProject "ARHitBalls" */;
			compatibilityVersion = "Xcode 13.0";
			developmentRegion = en;
			hasScannedForEncodings = 0;
			knownRegions = (
				en,
				Base,
			);
			mainGroup = 229BC14928AA7089008D07A0;
			productRefGroup = 229BC15328AA708A008D07A0 /* Products */;
			projectDirPath = "";
			projectRoot = "";
			targets = (
				229BC15128AA708A008D07A0 /* ARHitBalls */,
			);
		};
/* End PBXProject section */

/* Begin PBXResourcesBuildPhase section */
		229BC15028AA708A008D07A0 /* Resources */ = {
			isa = PBXResourcesBuildPhase;
			buildActionMask = 2147483647;
			files = (
				229BC16228AA7091008D07A0 /* LaunchScreen.storyboard in Resources */,
				229BC15F28AA7091008D07A0 /* Assets.xcassets in Resources */,
				2271150E28F9B82D00C3474C /* track.mp3 in Resources */,
				225427A0291FA0D50000D2F9 /* DelaGothicOne.ttf in Resources */,
				2271150C28F9AE3E00C3474C /* back.mp3 in Resources */,
				2271151028F9CB2500C3474C /* hit.mp3 in Resources */,
				22964CB72912C92B0007B7E9 /* GoogleService-Info.plist in Resources */,
			);
			runOnlyForDeploymentPostprocessing = 0;
		};
/* End PBXResourcesBuildPhase section */

/* Begin PBXShellScriptBuildPhase section */
		CC24CFF08CD187366816B409 /* [CP] Check Pods Manifest.lock */ = {
			isa = PBXShellScriptBuildPhase;
			buildActionMask = 2147483647;
			files = (
			);
			inputFileListPaths = (
			);
			inputPaths = (
				"${PODS_PODFILE_DIR_PATH}/Podfile.lock",
				"${PODS_ROOT}/Manifest.lock",
			);
			name = "[CP] Check Pods Manifest.lock";
			outputFileListPaths = (
			);
			outputPaths = (
				"$(DERIVED_FILE_DIR)/Pods-ARHitBalls-checkManifestLockResult.txt",
			);
			runOnlyForDeploymentPostprocessing = 0;
			shellPath = /bin/sh;
			shellScript = "diff \"${PODS_PODFILE_DIR_PATH}/Podfile.lock\" \"${PODS_ROOT}/Manifest.lock\" > /dev/null\nif [ $? != 0 ] ; then\n    # print error to STDERR\n    echo \"error: The sandbox is not in sync with the Podfile.lock. Run 'pod install' or update your CocoaPods installation.\" >&2\n    exit 1\nfi\n# This output is used by Xcode 'outputs' to avoid re-running this script phase.\necho \"SUCCESS\" > \"${SCRIPT_OUTPUT_FILE_0}\"\n";
			showEnvVarsInLog = 0;
		};
		F7EABCA332691562DE1026EC /* [CP] Embed Pods Frameworks */ = {
			isa = PBXShellScriptBuildPhase;
			buildActionMask = 2147483647;
			files = (
			);
			inputFileListPaths = (
				"${PODS_ROOT}/Target Support Files/Pods-ARHitBalls/Pods-ARHitBalls-frameworks-${CONFIGURATION}-input-files.xcfilelist",
			);
			name = "[CP] Embed Pods Frameworks";
			outputFileListPaths = (
				"${PODS_ROOT}/Target Support Files/Pods-ARHitBalls/Pods-ARHitBalls-frameworks-${CONFIGURATION}-output-files.xcfilelist",
			);
			runOnlyForDeploymentPostprocessing = 0;
			shellPath = /bin/sh;
			shellScript = "\"${PODS_ROOT}/Target Support Files/Pods-ARHitBalls/Pods-ARHitBalls-frameworks.sh\"\n";
			showEnvVarsInLog = 0;
		};
/* End PBXShellScriptBuildPhase section */

/* Begin PBXSourcesBuildPhase section */
		229BC14E28AA708A008D07A0 /* Sources */ = {
			isa = PBXSourcesBuildPhase;
			buildActionMask = 2147483647;
			files = (
				229BC17928AA7FB7008D07A0 /* SceneBuildManager.swift in Sources */,
				229BC18828AA8655008D07A0 /* SplashPresenter.swift in Sources */,
				229BC18E28AA8699008D07A0 /* MainPresenter.swift in Sources */,
				22D801D828BE531600263002 /* AudioManager.swift in Sources */,
				22866A042916CEA8009FF7D4 /* FirebaseService.swift in Sources */,
				229BC17728AA7E24008D07A0 /* UserDefaultManager.swift in Sources */,
				229BC18128AA8112008D07A0 /* SettingsViewController.swift in Sources */,
				22E1743E28C1214B00F20AE9 /* ShotButton.swift in Sources */,
				229BC19028AA86AA008D07A0 /* SettingsPresenter.swift in Sources */,
				22FDAFC128B8F38A002146B6 /* AlertManager.swift in Sources */,
				2208166028E2061800936408 /* StartButton.swift in Sources */,
				223772AD28E31170004F820D /* InfoLabel.swift in Sources */,
				22568D4F28F05D5500B83261 /* ARObjectable.swift in Sources */,
				22568D4D28F038B900B83261 /* Planets.swift in Sources */,
				22B614E72932A51000F24C1F /* EndGameViewController.swift in Sources */,
				223772AB28E2F1A8004F820D /* IdentifireTextField.swift in Sources */,
				221D057028E4547100A7921A /* SportBalls.swift in Sources */,
				229BC17228AA7DD8008D07A0 /* UserServise.swift in Sources */,
				229BC18328AA8126008D07A0 /* GameViewController.swift in Sources */,
				221D056C28E4543100A7921A /* Fruits.swift in Sources */,
				2208165C28E1FB4700936408 /* TimerProtocol.swift in Sources */,
				229BC17428AA7DEF008D07A0 /* GameService.swift in Sources */,
				225427A6292146E10000D2F9 /* KitCellViewModel.swift in Sources */,
				225427AA292165980000D2F9 /* UICollectionViewCell.swift in Sources */,
				229BC19228AA86B7008D07A0 /* GamePresenter.swift in Sources */,
				225427A82921651E0000D2F9 /* UICollectionView.swift in Sources */,
				229BC19A28ABF60B008D07A0 /* IdentifireViewController.swift in Sources */,
				229BC18A28AA8666008D07A0 /* MenuPresenter.swift in Sources */,
				2268E4D728DCDB590029C755 /* CollisionCategory.swift in Sources */,
				22B614EB2933EE5F00F24C1F /* EndGameType.swift in Sources */,
				221D057428E454D800A7921A /* BilliardBalls.swift in Sources */,
				225427AD292178BA0000D2F9 /* KitCollectionViewFlowLayout.swift in Sources */,
				229BC18628AA82BB008D07A0 /* MenuViewController.swift in Sources */,
				22866A0C291926E3009FF7D4 /* GameType.swift in Sources */,
				229BC19728ABC484008D07A0 /* UIView.swift in Sources */,
				22FDAFC428B8F58B002146B6 /* AlertModels.swift in Sources */,
				229BC15628AA708A008D07A0 /* AppDelegate.swift in Sources */,
				2208165E28E1FFF200936408 /* QuitButton.swift in Sources */,
				22866A0A2919221F009FF7D4 /* GameModel.swift in Sources */,
				22E5941D28C2786A0063586D /* AuthType.swift in Sources */,
				22866A062916D3EF009FF7D4 /* UserModels.swift in Sources */,
				229BC19C28ABF622008D07A0 /* IdentifirePresenter.swift in Sources */,
				22866A0829192084009FF7D4 /* GameUserModel.swift in Sources */,
				229BC15828AA708A008D07A0 /* SceneDelegate.swift in Sources */,
				22A3170B291EA5B6003A8F93 /* UIImageView.swift in Sources */,
				229BC17B28AA80D6008D07A0 /* SplashViewController.swift in Sources */,
				2208166228E20D0900936408 /* MenuButton.swift in Sources */,
				22568D5328F1B24700B83261 /* ARObjectModel.swift in Sources */,
				223772D728E38077004F820D /* KitEnum.swift in Sources */,
				22B614E92932A51F00F24C1F /* EndGamePresenter.swift in Sources */,
				225427A3292143960000D2F9 /* KitCollectionViewCell.swift in Sources */,
				229BC17F28AA8100008D07A0 /* MainViewController.swift in Sources */,
				22E5942028C37E110063586D /* SettingType.swift in Sources */,
				229F453928B130BD00075601 /* UIStackView.swift in Sources */,
			);
			runOnlyForDeploymentPostprocessing = 0;
		};
/* End PBXSourcesBuildPhase section */

/* Begin PBXVariantGroup section */
		229BC16028AA7091008D07A0 /* LaunchScreen.storyboard */ = {
			isa = PBXVariantGroup;
			children = (
				229BC16128AA7091008D07A0 /* Base */,
			);
			name = LaunchScreen.storyboard;
			sourceTree = "<group>";
		};
/* End PBXVariantGroup section */

/* Begin XCBuildConfiguration section */
		229BC16428AA7091008D07A0 /* Debug */ = {
			isa = XCBuildConfiguration;
			buildSettings = {
				ALWAYS_SEARCH_USER_PATHS = NO;
				CLANG_ANALYZER_NONNULL = YES;
				CLANG_ANALYZER_NUMBER_OBJECT_CONVERSION = YES_AGGRESSIVE;
				CLANG_CXX_LANGUAGE_STANDARD = "gnu++17";
				CLANG_ENABLE_MODULES = YES;
				CLANG_ENABLE_OBJC_ARC = YES;
				CLANG_ENABLE_OBJC_WEAK = YES;
				CLANG_WARN_BLOCK_CAPTURE_AUTORELEASING = YES;
				CLANG_WARN_BOOL_CONVERSION = YES;
				CLANG_WARN_COMMA = YES;
				CLANG_WARN_CONSTANT_CONVERSION = YES;
				CLANG_WARN_DEPRECATED_OBJC_IMPLEMENTATIONS = YES;
				CLANG_WARN_DIRECT_OBJC_ISA_USAGE = YES_ERROR;
				CLANG_WARN_DOCUMENTATION_COMMENTS = YES;
				CLANG_WARN_EMPTY_BODY = YES;
				CLANG_WARN_ENUM_CONVERSION = YES;
				CLANG_WARN_INFINITE_RECURSION = YES;
				CLANG_WARN_INT_CONVERSION = YES;
				CLANG_WARN_NON_LITERAL_NULL_CONVERSION = YES;
				CLANG_WARN_OBJC_IMPLICIT_RETAIN_SELF = YES;
				CLANG_WARN_OBJC_LITERAL_CONVERSION = YES;
				CLANG_WARN_OBJC_ROOT_CLASS = YES_ERROR;
				CLANG_WARN_QUOTED_INCLUDE_IN_FRAMEWORK_HEADER = YES;
				CLANG_WARN_RANGE_LOOP_ANALYSIS = YES;
				CLANG_WARN_STRICT_PROTOTYPES = YES;
				CLANG_WARN_SUSPICIOUS_MOVE = YES;
				CLANG_WARN_UNGUARDED_AVAILABILITY = YES_AGGRESSIVE;
				CLANG_WARN_UNREACHABLE_CODE = YES;
				CLANG_WARN__DUPLICATE_METHOD_MATCH = YES;
				COPY_PHASE_STRIP = NO;
				DEBUG_INFORMATION_FORMAT = dwarf;
				ENABLE_STRICT_OBJC_MSGSEND = YES;
				ENABLE_TESTABILITY = YES;
				GCC_C_LANGUAGE_STANDARD = gnu11;
				GCC_DYNAMIC_NO_PIC = NO;
				GCC_NO_COMMON_BLOCKS = YES;
				GCC_OPTIMIZATION_LEVEL = 0;
				GCC_PREPROCESSOR_DEFINITIONS = (
					"DEBUG=1",
					"$(inherited)",
				);
				GCC_WARN_64_TO_32_BIT_CONVERSION = YES;
				GCC_WARN_ABOUT_RETURN_TYPE = YES_ERROR;
				GCC_WARN_UNDECLARED_SELECTOR = YES;
				GCC_WARN_UNINITIALIZED_AUTOS = YES_AGGRESSIVE;
				GCC_WARN_UNUSED_FUNCTION = YES;
				GCC_WARN_UNUSED_VARIABLE = YES;
				IPHONEOS_DEPLOYMENT_TARGET = 15.5;
				MTL_ENABLE_DEBUG_INFO = INCLUDE_SOURCE;
				MTL_FAST_MATH = YES;
				ONLY_ACTIVE_ARCH = YES;
				SDKROOT = iphoneos;
				SWIFT_ACTIVE_COMPILATION_CONDITIONS = DEBUG;
				SWIFT_OPTIMIZATION_LEVEL = "-Onone";
			};
			name = Debug;
		};
		229BC16528AA7091008D07A0 /* Release */ = {
			isa = XCBuildConfiguration;
			buildSettings = {
				ALWAYS_SEARCH_USER_PATHS = NO;
				CLANG_ANALYZER_NONNULL = YES;
				CLANG_ANALYZER_NUMBER_OBJECT_CONVERSION = YES_AGGRESSIVE;
				CLANG_CXX_LANGUAGE_STANDARD = "gnu++17";
				CLANG_ENABLE_MODULES = YES;
				CLANG_ENABLE_OBJC_ARC = YES;
				CLANG_ENABLE_OBJC_WEAK = YES;
				CLANG_WARN_BLOCK_CAPTURE_AUTORELEASING = YES;
				CLANG_WARN_BOOL_CONVERSION = YES;
				CLANG_WARN_COMMA = YES;
				CLANG_WARN_CONSTANT_CONVERSION = YES;
				CLANG_WARN_DEPRECATED_OBJC_IMPLEMENTATIONS = YES;
				CLANG_WARN_DIRECT_OBJC_ISA_USAGE = YES_ERROR;
				CLANG_WARN_DOCUMENTATION_COMMENTS = YES;
				CLANG_WARN_EMPTY_BODY = YES;
				CLANG_WARN_ENUM_CONVERSION = YES;
				CLANG_WARN_INFINITE_RECURSION = YES;
				CLANG_WARN_INT_CONVERSION = YES;
				CLANG_WARN_NON_LITERAL_NULL_CONVERSION = YES;
				CLANG_WARN_OBJC_IMPLICIT_RETAIN_SELF = YES;
				CLANG_WARN_OBJC_LITERAL_CONVERSION = YES;
				CLANG_WARN_OBJC_ROOT_CLASS = YES_ERROR;
				CLANG_WARN_QUOTED_INCLUDE_IN_FRAMEWORK_HEADER = YES;
				CLANG_WARN_RANGE_LOOP_ANALYSIS = YES;
				CLANG_WARN_STRICT_PROTOTYPES = YES;
				CLANG_WARN_SUSPICIOUS_MOVE = YES;
				CLANG_WARN_UNGUARDED_AVAILABILITY = YES_AGGRESSIVE;
				CLANG_WARN_UNREACHABLE_CODE = YES;
				CLANG_WARN__DUPLICATE_METHOD_MATCH = YES;
				COPY_PHASE_STRIP = NO;
				DEBUG_INFORMATION_FORMAT = "dwarf-with-dsym";
				ENABLE_NS_ASSERTIONS = NO;
				ENABLE_STRICT_OBJC_MSGSEND = YES;
				GCC_C_LANGUAGE_STANDARD = gnu11;
				GCC_NO_COMMON_BLOCKS = YES;
				GCC_WARN_64_TO_32_BIT_CONVERSION = YES;
				GCC_WARN_ABOUT_RETURN_TYPE = YES_ERROR;
				GCC_WARN_UNDECLARED_SELECTOR = YES;
				GCC_WARN_UNINITIALIZED_AUTOS = YES_AGGRESSIVE;
				GCC_WARN_UNUSED_FUNCTION = YES;
				GCC_WARN_UNUSED_VARIABLE = YES;
				IPHONEOS_DEPLOYMENT_TARGET = 15.5;
				MTL_ENABLE_DEBUG_INFO = NO;
				MTL_FAST_MATH = YES;
				SDKROOT = iphoneos;
				SWIFT_COMPILATION_MODE = wholemodule;
				SWIFT_OPTIMIZATION_LEVEL = "-O";
				VALIDATE_PRODUCT = YES;
			};
			name = Release;
		};
		229BC16728AA7091008D07A0 /* Debug */ = {
			isa = XCBuildConfiguration;
			baseConfigurationReference = 729CEDFB01BC18C92F1206DA /* Pods-ARHitBalls.debug.xcconfig */;
			buildSettings = {
				ASSETCATALOG_COMPILER_APPICON_NAME = AppIcon;
				ASSETCATALOG_COMPILER_GLOBAL_ACCENT_COLOR_NAME = AccentColor;
				CODE_SIGN_STYLE = Automatic;
				CURRENT_PROJECT_VERSION = 1;
				DEVELOPMENT_TEAM = H456X98Q5T;
				GENERATE_INFOPLIST_FILE = YES;
				INFOPLIST_FILE = ARHitBalls/Info.plist;
				INFOPLIST_KEY_NSCameraUsageDescription = "";
				INFOPLIST_KEY_UIApplicationSupportsIndirectInputEvents = YES;
				INFOPLIST_KEY_UILaunchStoryboardName = LaunchScreen;
				INFOPLIST_KEY_UIStatusBarStyle = "";
				INFOPLIST_KEY_UISupportedInterfaceOrientations_iPad = UIInterfaceOrientationPortrait;
				INFOPLIST_KEY_UISupportedInterfaceOrientations_iPhone = UIInterfaceOrientationPortrait;
				IPHONEOS_DEPLOYMENT_TARGET = 14.1;
				LD_RUNPATH_SEARCH_PATHS = (
					"$(inherited)",
					"@executable_path/Frameworks",
				);
				MARKETING_VERSION = 1.0;
				PRODUCT_BUNDLE_IDENTIFIER = holog.ARHitBalls1;
				PRODUCT_NAME = "$(TARGET_NAME)";
				SUPPORTED_PLATFORMS = "iphoneos iphonesimulator";
				SUPPORTS_MACCATALYST = NO;
				SUPPORTS_MAC_DESIGNED_FOR_IPHONE_IPAD = NO;
				SWIFT_EMIT_LOC_STRINGS = YES;
				SWIFT_VERSION = 5.0;
				TARGETED_DEVICE_FAMILY = 1;
			};
			name = Debug;
		};
		229BC16828AA7091008D07A0 /* Release */ = {
			isa = XCBuildConfiguration;
			baseConfigurationReference = 8520DDFAA5C2B70D42ED7B7B /* Pods-ARHitBalls.release.xcconfig */;
			buildSettings = {
				ASSETCATALOG_COMPILER_APPICON_NAME = AppIcon;
				ASSETCATALOG_COMPILER_GLOBAL_ACCENT_COLOR_NAME = AccentColor;
				CODE_SIGN_STYLE = Automatic;
				CURRENT_PROJECT_VERSION = 1;
				DEVELOPMENT_TEAM = H456X98Q5T;
				GENERATE_INFOPLIST_FILE = YES;
				INFOPLIST_FILE = ARHitBalls/Info.plist;
				INFOPLIST_KEY_NSCameraUsageDescription = "";
				INFOPLIST_KEY_UIApplicationSupportsIndirectInputEvents = YES;
				INFOPLIST_KEY_UILaunchStoryboardName = LaunchScreen;
				INFOPLIST_KEY_UIStatusBarStyle = "";
				INFOPLIST_KEY_UISupportedInterfaceOrientations_iPad = UIInterfaceOrientationPortrait;
				INFOPLIST_KEY_UISupportedInterfaceOrientations_iPhone = UIInterfaceOrientationPortrait;
				IPHONEOS_DEPLOYMENT_TARGET = 14.1;
				LD_RUNPATH_SEARCH_PATHS = (
					"$(inherited)",
					"@executable_path/Frameworks",
				);
				MARKETING_VERSION = 1.0;
				PRODUCT_BUNDLE_IDENTIFIER = holog.ARHitBalls1;
				PRODUCT_NAME = "$(TARGET_NAME)";
				SUPPORTED_PLATFORMS = "iphoneos iphonesimulator";
				SUPPORTS_MACCATALYST = NO;
				SUPPORTS_MAC_DESIGNED_FOR_IPHONE_IPAD = NO;
				SWIFT_EMIT_LOC_STRINGS = YES;
				SWIFT_VERSION = 5.0;
				TARGETED_DEVICE_FAMILY = 1;
			};
			name = Release;
		};
/* End XCBuildConfiguration section */

/* Begin XCConfigurationList section */
		229BC14D28AA7089008D07A0 /* Build configuration list for PBXProject "ARHitBalls" */ = {
			isa = XCConfigurationList;
			buildConfigurations = (
				229BC16428AA7091008D07A0 /* Debug */,
				229BC16528AA7091008D07A0 /* Release */,
			);
			defaultConfigurationIsVisible = 0;
			defaultConfigurationName = Release;
		};
		229BC16628AA7091008D07A0 /* Build configuration list for PBXNativeTarget "ARHitBalls" */ = {
			isa = XCConfigurationList;
			buildConfigurations = (
				229BC16728AA7091008D07A0 /* Debug */,
				229BC16828AA7091008D07A0 /* Release */,
			);
			defaultConfigurationIsVisible = 0;
			defaultConfigurationName = Release;
		};
/* End XCConfigurationList section */
	};
	rootObject = 229BC14A28AA7089008D07A0 /* Project object */;
}
